version = 1
revision = 3
requires-python = ">=3.11"

[[package]]
name = "acie"
version = "0.1.0"
source = { editable = "." }
dependencies = [
    { name = "tree-sitter" },
    { name = "tree-sitter-python" },
]

[package.dev-dependencies]
dev = [
    { name = "pytest" },
]

[package.metadata]
requires-dist = [
    { name = "tree-sitter", specifier = ">=0.26.0" },
    { name = "tree-sitter-python", specifier = ">=0.25.0" },
]

[package.metadata.requires-dev]
dev = [{ name = "pytest" }]

[[package]]
name = "colorama"
version = "0.4.6"
source = { registry = "https://pypi.org/simple" }
sdist = { url = "https://files.pythonhosted.org/packages/d8/53/6f443c9a4a8358a93a6792e2acffb9d9d5cb0a5cfd8802644b7b1c9a02e4/colorama-0.4.6.tar.gz", hash = "sha256:08695f5cb7ed6e0531a20572697297273c47b8cae5a63ffc6d6ed5c201be6e44", size = 27697, upload-time = "2022-10-25T02:36:22.414Z" }
wheels = [
    { url = "https://files.pythonhosted.org/packages/d1/d6/3965ed04c63042e047cb6a3e6ed1a63a35087b6a609aa3a15ed8ac56c221/colorama-0.4.6-py2.py3-none-any.whl", hash = "sha256:4f1d9991f5acc0ca119f9d443620b77f9d6b33703e51011c16baf57afb285fc6", size = 25335, upload-time = "2022-10-25T02:36:20.889Z" },
]

[[package]]
name = "iniconfig"
version = "2.3.0"
source = { registry = "https://pypi.org/simple" }
sdist = { url = "https://files.pythonhosted.org/packages/72/34/14ca021ce8e5dfedc35312d08ba8bf51fdd999c576889fc2c24cb97f4f10/iniconfig-2.3.0.tar.gz", hash = "sha256:c76315c77db068650d49c5b56314774a7804df16fee4402c1f19d6d15d8c4730", size = 20503, upload-time = "2025-10-18T21:55:43.219Z" }
wheels = [
    { url = "https://files.pythonhosted.org/packages/cb/b1/3846dd7f199d53cb17f49cba7e651e9ce294d8497c8c150530ed11865bb8/iniconfig-2.3.0-py3-none-any.whl", hash = "sha256:f631c04d2c48c52b84d0d0549c99ff3859c98df65b3101406327ecc7d53fbf12", size = 7484, upload-time = "2025-10-18T21:55:41.639Z" },
]

[[package]]
name = "packaging"
version = "26.3"
source = { registry = "https://pypi.org/simple" }
sdist = { url = "https://files.pythonhosted.org/packages/7d/fa/3944b40b07da9ce895c0e6303a5ab7d53da063554f534556b134a54d6093/packaging-26.3.tar.gz", hash = "sha256:94edc256424af38762eb31306eed28beb9f0efc50a8837492c9d6fd6004aed79", size = 313412, upload-time = "2026-08-04T18:15:28.737Z" }
wheels = [
    { url = "https://files.pythonhosted.org/packages/63/34/ba1c580383c9eada3711951fef0795c80b829a078d72188184bcab9dd527/packaging-26.3-py3-none-any.whl", hash = "sha256:d7193f7c8e4e93f444fde0262bf90af30e16fa0ad0ad44cb553c87339b23cd1c", size = 129956, upload-time = "2026-08-04T18:15:27.159Z" },
]

[[package]]
name = "pluggy"
version = "1.6.0"
source = { registry = "https://pypi.org/simple" }
sdist = { url = "https://files.pythonhosted.org/packages/f9/e2/3e91f31a7d2b083fe6ef3fa267035b518369d9511ffab804f839851d2779/pluggy-1.6.0.tar.gz", hash = "sha256:7dcc130b76258d33b90f61b658791dede3486c3e6bfb003ee5c9bfb396dd22f3", size = 69412, upload-time = "2025-05-15T12:30:07.975Z" }
wheels = [
    { url = "https://files.pythonhosted.org/packages/54/20/4d324d65cc6d9205fabedc306948156824eb9f0ee1633355a8f7ec5c66bf/pluggy-1.6.0-py3-none-any.whl", hash = "sha256:e920276dd6813095e9377c0bc5566d94c932c33b27a3e3945d8389c374dd4746", size = 20538, upload-time = "2025-05-15T12:30:06.134Z" },
]

[[package]]
name = "pygments"
version = "2.21.0"
source = { registry = "https://pypi.org/simple" }
sdist = { url = "https://files.pythonhosted.org/packages/49/2e/ced460408999b33da6b31b0021b0f37d329e202d4169aeb164493778f25b/pygments-2.21.0.tar.gz", hash = "sha256:610ca751c9bc2492b38eb9a38a7fbc93edbbb2d7182edaf34e66ae493dee5c8c", size = 5005329, upload-time = "2026-08-17T08:02:48.824Z" }
wheels = [
    { url = "https://files.pythonhosted.org/packages/71/46/17f022dd3e953bf20a04a028a21ec746d942f8d2af30fa0f124fa0e6a684/pygments-2.21.0-py3-none-any.whl", hash = "sha256:2363c69b61c4a97c838da3b130dcd6468f4848992b21a82f2a63ec34377137d9", size = 1250147, upload-time = "2026-08-17T08:02:44.912Z" },
]

[[package]]
name = "pytest"
version = "9.1.1"
source = { registry = "https://pypi.org/simple" }
dependencies = [
    { name = "colorama", marker = "sys_platform == 'win32'" },
    { name = "iniconfig" },
    { name = "packaging" },
    { name = "pluggy" },
    { name = "pygments" },
]
sdist = { url = "https://files.pythonhosted.org/packages/e4/47/b9efed96c114afcfa3c9d3fe98a76a1d14c74a9e266d397cf6eb64be5e01/pytest-9.1.1.tar.gz", hash = "sha256:1088fbde8f2b49d95a549a195707afa7a76a3ce9bcadc26b6d71f0ffda5fe313", size = 1636369, upload-time = "2026-06-19T10:58:32.857Z" }
wheels = [
    { url = "https://files.pythonhosted.org/packages/24/25/1de2678b631f5a49215c6c96fff41ba892b0a34df68d6d80292b1b48aa7f/pytest-9.1.1-py3-none-any.whl", hash = "sha256:37a86b45efb9a47a61a36449063e8e18d0cab3161329fc099eb21783169c4f0c", size = 386536, upload-time = "2026-06-19T10:58:31.347Z" },
]

[[package]]
name = "tree-sitter"
version = "0.26.0"
source = { registry = "https://pypi.org/simple" }
sdist = { url = "https://files.pythonhosted.org/packages/f7/03/5600b84aff2e6c4fe80cfebb4063fe2f50299521befe5f6092ab8c082f4a/tree_sitter-0.26.0.tar.gz", hash = "sha256:b40c219edccc4564530c96f8f1556f6202b37cda964d1cbd7bd2b7e68b40a245", size = 191423, upload-time = "2026-06-30T12:14:27.933Z" }
wheels = [
    { url = "https://files.pythonhosted.org/packages/41/18/78aae7e4b5a36daaebb0276e4b07d084d45298758000787838e89329e11f/tree_sitter-0.26.0-cp311-cp311-macosx_10_9_x86_64.whl", hash = "sha256:1d6fe0e8fb4df77b5ee816228e2c4475a63d8cc1d4d3a7ffd7097b2b87fc3e95", size = 148679, upload-time = "2026-06-30T12:13:52.27Z" },
    { url = "https://files.pythonhosted.org/packages/24/e4/b371b9553b0e47d130fc2073e56cab94fecc868be04666bf5bbd1fcd1cc9/tree_sitter-0.26.0-cp311-cp311-macosx_11_0_arm64.whl", hash = "sha256:514a9bf8993e5210e7970736aaf6020d1759b670e195ef17b1c48f586aa30736", size = 140759, upload-time = "2026-06-30T12:13:53.221Z" },
    { url = "https://files.pythonhosted.org/packages/22/7d/266fb0f2c41e6fb00b0f40e7a3338cdf99651e6a6511ca72bc78fc697636/tree_sitter-0.26.0-cp311-cp311-manylinux2014_aarch64.manylinux_2_17_aarch64.manylinux_2_28_aarch64.whl", hash = "sha256:10f0d4eb94aa7242dcb7f554bcd24dd7ba1c114f00d58759ba08c7a46c8ec51a", size = 637206, upload-time = "2026-06-30T12:13:54.334Z" },
    { url = "https://files.pythonhosted.org/packages/40/9f/47cf22febb47132d5b3a507a27bb99ef89fe5c8ec420a13c6daa9b64f782/tree_sitter-0.26.0-cp311-cp311-manylinux2014_x86_64.manylinux_2_17_x86_64.manylinux_2_28_x86_64.whl", hash = "sha256:335294ce0504fcefde5245dff596778ffaf820205b98ae0b549c72e48855f1d8", size = 664758, upload-time = "2026-06-30T12:13:55.42Z" },
    { url = "https://files.pythonhosted.org/packages/4c/4d/8d144ca3beb46a62a5102b6deac76bb0da55235c2c7840faf3b12f2e9d97/tree_sitter-0.26.0-cp311-cp311-manylinux_2_31_riscv64.manylinux_2_39_riscv64.whl", hash = "sha256:f9997ba61368c48ed54e715676afadf703947a1542464e39d047764fb3624b01", size = 647438, upload-time = "2026-06-30T12:13:56.523Z" },
    { url = "https://files.pythonhosted.org/packages/4d/ed/ed1d6e78520c4fb64ed52fec3f2947bf8c1fbad7bc24e282c56193c9ba42/tree_sitter-0.26.0-cp311-cp311-musllinux_1_2_x86_64.whl", hash = "sha256:c56581ad256c4195a21bfe449fed5d44a02fe83a4a7d6e70e6ec302c881191c7", size = 661944, upload-time = "2026-06-30T12:13:57.82Z" },
    { url = "https://files.pythonhosted.org/packages/10/83/45f5bd43db1b8248d2fd08ef6cbe43e2725c539e09a2cfb8bc2818646788/tree_sitter-0.26.0-cp311-cp311-win_amd64.whl", hash = "sha256:0f8793fd18ad7eec276ed4b51c097b4bf2002b357259b66b0d75db1f3f41c754", size = 129496, upload-time = "2026-06-30T12:13:59.216Z" },
    { url = "https://files.pythonhosted.org/packages/f1/8d/be68e6c04563eb54145424cc83fe0aa8b0ba6c90d8989cf8a032671b5f16/tree_sitter-0.26.0-cp311-cp311-win_arm64.whl", hash = "sha256:dea4b4e27d49e9ec5b785d4f994da000e6726882fcc6ad05ec98478500c71aef", size = 116484, upload-time = "2026-06-30T12:14:00.147Z" },
    { url = "https://files.pythonhosted.org/packages/87/ca/565702c44815393e3a973552ad546db4e5ca081ca8698640b4e93d809f51/tree_sitter-0.26.0-cp312-cp312-macosx_10_13_x86_64.whl", hash = "sha256:6cb2bd20efb2544c19ac54486ab7cb8ec7b36f913bbe1ce95df84acb96743d9c", size = 148934, upload-time = "2026-06-30T12:14:01.188Z" },
    { url = "https://files.pythonhosted.org/packages/54/6f/8bb61957f16ec1b1d92410a006cdc84a952b6352a7313b2ad299f2d21484/tree_sitter-0.26.0-cp312-cp312-macosx_11_0_arm64.whl", hash = "sha256:918d89529786873f0982a0f59c2a303cd065fbfd1b903d71a8e4e1584f67b42e", size = 140820, upload-time = "2026-06-30T12:14:02.087Z" },
    { url = "https://files.pythonhosted.org/packages/78/0a/8a6f08559182643a814a4ab559948ae817b2851890fd9b995a4fff6541ce/tree_sitter-0.26.0-cp312-cp312-manylinux2014_aarch64.manylinux_2_17_aarch64.manylinux_2_28_aarch64.whl", hash = "sha256:30a88be89ff1f2755297f81e8080d88b795dd98720c3f9fa2acf93873182cc95", size = 638844, upload-time = "2026-06-30T12:14:03.428Z" },
    { url = "https://files.pythonhosted.org/packages/8a/2f/6e6781b31677231366cb3cf27bc8269157f6d4b03c9032865a4f5f2bbe7e/tree_sitter-0.26.0-cp312-cp312-manylinux2014_x86_64.manylinux_2_17_x86_64.manylinux_2_28_x86_64.whl", hash = "sha256:5a6b333b0282d8bb0af741f9b018bd2523d4eecb2686bf6717066a625fecfaa4", size = 667487, upload-time = "2026-06-30T12:14:04.669Z" },
    { url = "https://files.pythonhosted.org/packages/02/0b/0483078c8567445557a7015b0e5b187f6d7d4fda73464df9c4bdea7f7f3c/tree_sitter-0.26.0-cp312-cp312-manylinux_2_31_riscv64.manylinux_2_39_riscv64.whl", hash = "sha256:3f3c44339dd34fe8eb2b8d5aa7610660499a795f70376b130bbee7a437337280", size = 647975, upload-time = "2026-06-30T12:14:05.797Z" },
    { url = "https://files.pythonhosted.org/packages/27/68/da83ca72c984e96ab4eb3bee0db1a6ffb5de1c8c455f92bd9f420cde7f0e/tree_sitter-0.26.0-cp312-cp312-musllinux_1_2_x86_64.whl", hash = "sha256:94550e13b6ae576969da40246f4c4abb206380b5375ad43f26dd9151d55438e3", size = 665018, upload-time = "2026-06-30T12:14:07.278Z" },
    { url = "https://files.pythonhosted.org/packages/d1/36/4d67927fd47b89af4a00f65f55a7370e28778cd50e972c2430487e3ecc27/tree_sitter-0.26.0-cp312-cp312-win_amd64.whl", hash = "sha256:ca89e361a276dbc934b28a43dd881199e25d34ff5493ee0ce45f3c52a6124a37", size = 129619, upload-time = "2026-06-30T12:14:08.373Z" },
    { url = "https://files.pythonhosted.org/packages/ed/72/cdefad523eb78710679c6da6a79e3d90f5afd32b1c6aa5a17bac7eef99f6/tree_sitter-0.26.0-cp312-cp312-win_arm64.whl", hash = "sha256:bc6cb01d5ee75c85424aa1f1c72a82d8f07fd52539a0f3c4a6ed3e8721079b84", size = 116545, upload-time = "2026-06-30T12:14:09.273Z" },
    { url = "https://files.pythonhosted.org/packages/cb/b0/465257cf8f972ad9f9812ec1cbaa8ec210ebebb601ade9a15881aa2436b4/tree_sitter-0.26.0-cp313-cp313-macosx_10_13_x86_64.whl", hash = "sha256:ed0889dbed843ce45ede9f5169c0b2dea2222f12685844a03fadb81f12705867", size = 148893, upload-time = "2026-06-30T12:14:10.541Z" },
    { url = "https://files.pythonhosted.org/packages/a1/ec/19d093e854b45e807fecfdd26105c266f43aeecc39c4dc97992a7074ad5a/tree_sitter-0.26.0-cp313-cp313-macosx_11_0_arm64.whl", hash = "sha256:6189c6c340c7384357711e3d92645e96bfb79f7a502f86de1ebdb23eb43f7dab", size = 140829, upload-time = "2026-06-30T12:14:11.626Z" },
    { url = "https://files.pythonhosted.org/packages/9b/ee/87e74671ed63a837e7a1f17ab94aa3913871e033b27523d8e7b83d6f7ad0/tree_sitter-0.26.0-cp313-cp313-manylinux2014_aarch64.manylinux_2_17_aarch64.manylinux_2_28_aarch64.whl", hash = "sha256:8ff2e0750b7daa722302838356d7b65e303829b7eb73c915df127ddba115e1d1", size = 639334, upload-time = "2026-06-30T12:14:12.836Z" },
    { url = "https://files.pythonhosted.org/packages/66/e7/f7e04cd9dff6b6ac0adf23922796fbc76accd4cf4bcda50542748d485679/tree_sitter-0.26.0-cp313-cp313-manylinux2014_x86_64.manylinux_2_17_x86_64.manylinux_2_28_x86_64.whl", hash = "sha256:7075ef857ef86f327dbb72d1e2574dda78db5754b3a1fca6506acd7fe5d561a7", size = 668102, upload-time = "2026-06-30T12:14:14.035Z" },
    { url = "https://files.pythonhosted.org/packages/d3/90/0bfb16b7894fea728c774a89d5af421a9368a2f913bbd4e8dcab7caaecfb/tree_sitter-0.26.0-cp313-cp313-manylinux_2_31_riscv64.manylinux_2_39_riscv64.whl", hash = "sha256:26c996c1edfee86e977bb3f5462e74fcec0d0b0db1e85a3c475875763caa03be", size = 648560, upload-time = "2026-06-30T12:14:15.302Z" },
    { url = "https://files.pythonhosted.org/packages/cd/e6/0fe05ba396e9623b0ae40ccf34171336b8701ec8d7bd0ee9f5224d638665/tree_sitter-0.26.0-cp313-cp313-musllinux_1_2_x86_64.whl", hash = "sha256:00289bfe7978f3e0dc0ce69813a20fa9f44ea4c100b3ec62043e5eb74ccfc3a2", size = 665121, upload-time = "2026-06-30T12:14:16.403Z" },
    { url = "https://files.pythonhosted.org/packages/eb/d2/a944b1ca35bed6068dc84a9967aaf3049d8cc0b7a36179eea8787270a6ab/tree_sitter-0.26.0-cp313-cp313-win_amd64.whl", hash = "sha256:93e220cab7e6a823efeb2046c49171427de92ef71c7c681c01820d14d8d3721f", size = 129615, upload-time = "2026-06-30T12:14:17.463Z" },
    { url = "https://files.pythonhosted.org/packages/09/ef/c7ca48293580d2249f36940c4eed5b4ddeb9ce75baf9a4ef30621987e0c7/tree_sitter-0.26.0-cp313-cp313-win_arm64.whl", hash = "sha256:b31a8195d2f224224c530ac814632d98c1dcc123d227442c07c736e86b70d564", size = 116525, upload-time = "2026-06-30T12:14:18.53Z" },
    { url = "https://files.pythonhosted.org/packages/c5/7a/4d84e6f6ae2c3e757490dd84de251712c31e293dfe31f28da1ec019cefa2/tree_sitter-0.26.0-cp314-cp314-macosx_10_15_x86_64.whl", hash = "sha256:5a3c93a352b7e6f70f73e121bbfa2d0117ba7478bd51114ed35c91b0b78814fa", size = 148901, upload-time = "2026-06-30T12:14:19.452Z" },
    { url = "https://files.pythonhosted.org/packages/b0/d9/efe62ec65dc9d096e834d27b8c058127e2146e42ff3380b822a233f016a6/tree_sitter-0.26.0-cp314-cp314-macosx_11_0_arm64.whl", hash = "sha256:5fc2f41bf246ff2f70a9cc3690be35ec7580a4923151873d898c8bcb1a4503d3", size = 140805, upload-time = "2026-06-30T12:14:20.478Z" },
    { url = "https://files.pythonhosted.org/packages/c4/2c/c82326b7b97e3c485c18679883b16f89e5e913c639d3b219d3da70c9e67e/tree_sitter-0.26.0-cp314-cp314-manylinux2014_aarch64.manylinux_2_17_aarch64.manylinux_2_28_aarch64.whl", hash = "sha256:b8ea92a255c91671a7ec4625aba3ab7bb5220c423630ffbf83c45d7312abe084", size = 640586, upload-time = "2026-06-30T12:14:21.527Z" },
    { url = "https://files.pythonhosted.org/packages/e2/7a/f56e7d8282859452611024c7cbc623bfba5b24b8cb9b8f8bc88c5219fe9a/tree_sitter-0.26.0-cp314-cp314-manylinux2014_x86_64.manylinux_2_17_x86_64.manylinux_2_28_x86_64.whl", hash = "sha256:f665510f0fcf4636fb9696f1f7853bed7a3bd764b7bb0cb8494e619c14ed5a0c", size = 668300, upload-time = "2026-06-30T12:14:22.728Z" },
    { url = "https://files.pythonhosted.org/packages/91/51/240ee81b9d5e9ca0a6cb1528e8605ffa70ab58c89ce126631be96d3e4bae/tree_sitter-0.26.0-cp314-cp314-manylinux_2_31_riscv64.manylinux_2_39_riscv64.whl", hash = "sha256:253df7ab82cc0a9d311cd65f06e9f99fb3eac55996ae9fc94da22f123a861b90", size = 649627, upload-time = "2026-06-30T12:14:23.819Z" },
    { url = "https://files.pythonhosted.org/packages/6a/54/760035cefedf9eb44f0f84c4ac22f1322e73155853e272576ee876336312/tree_sitter-0.26.0-cp314-cp314-musllinux_1_2_x86_64.whl", hash = "sha256:ff80d4833d330a73184a3ac5132abe93c575d2dea31975c6f15c0d21fef238aa", size = 664885, upload-time = "2026-06-30T12:14:25.064Z" },
    { url = "https://files.pythonhosted.org/packages/c9/1b/0b36fe2a984ecedc4ce6aefd5d56447a6626a8e9b595c4e48658510ce8f8/tree_sitter-0.26.0-cp314-cp314-win_amd64.whl", hash = "sha256:a4033fecc8f606c7f2e8b8014d0057b74668a7f0152763606f7bc25c5f9ec64c", size = 132688, upload-time = "2026-06-30T12:14:26.106Z" },
    { url = "https://files.pythonhosted.org/packages/4d/74/ebc041a13fbf40144afdb0d4b447e48e0b4012ca866c63de8b48f801f0c1/tree_sitter-0.26.0-cp314-cp314-win_arm64.whl", hash = "sha256:823251c4b6725a7c03ed497a339135ede7ae4bdde75bb8be7ef5e305aeb4ff52", size = 120287, upload-time = "2026-06-30T12:14:26.991Z" },
]

[[package]]
name = "tree-sitter-python"
version = "0.25.0"
source = { registry = "https://pypi.org/simple" }
sdist = { url = "https://files.pythonhosted.org/packages/b8/8b/c992ff0e768cb6768d5c96234579bf8842b3a633db641455d86dd30d5dac/tree_sitter_python-0.25.0.tar.gz", hash = "sha256:b13e090f725f5b9c86aa455a268553c65cadf325471ad5b65cd29cac8a1a68ac", size = 159845, upload-time = "2025-09-11T06:47:58.159Z" }
wheels = [
    { url = "https://files.pythonhosted.org/packages/cf/64/a4e503c78a4eb3ac46d8e72a29c1b1237fa85238d8e972b063e0751f5a94/tree_sitter_python-0.25.0-cp310-abi3-macosx_10_9_x86_64.whl", hash = "sha256:14a79a47ddef72f987d5a2c122d148a812169d7484ff5c75a3db9609d419f361", size = 73790, upload-time = "2025-09-11T06:47:47.652Z" },
    { url = "https://files.pythonhosted.org/packages/e6/1d/60d8c2a0cc63d6ec4ba4e99ce61b802d2e39ef9db799bdf2a8f932a6cd4b/tree_sitter_python-0.25.0-cp310-abi3-macosx_11_0_arm64.whl", hash = "sha256:480c21dbd995b7fe44813e741d71fed10ba695e7caab627fb034e3828469d762", size = 76691, upload-time = "2025-09-11T06:47:49.038Z" },
    { url = "https://files.pythonhosted.org/packages/aa/cb/d9b0b67d037922d60cbe0359e0c86457c2da721bc714381a63e2c8e35eba/tree_sitter_python-0.25.0-cp310-abi3-manylinux1_x86_64.manylinux_2_28_x86_64.manylinux_2_5_x86_64.whl", hash = "sha256:86f118e5eecad616ecdb81d171a36dde9bef5a0b21ed71ea9c3e390813c3baf5", size = 108133, upload-time = "2025-09-11T06:47:50.499Z" },
    { url = "https://files.pythonhosted.org/packages/40/bd/bf4787f57e6b2860f3f1c8c62f045b39fb32d6bac4b53d7a9e66de968440/tree_sitter_python-0.25.0-cp310-abi3-manylinux2014_aarch64.manylinux_2_17_aarch64.manylinux_2_28_aarch64.whl", hash = "sha256:be71650ca2b93b6e9649e5d65c6811aad87a7614c8c1003246b303f6b150f61b", size = 110603, upload-time = "2025-09-11T06:47:51.985Z" },
    { url = "https://files.pythonhosted.org/packages/5d/25/feff09f5c2f32484fbce15db8b49455c7572346ce61a699a41972dea7318/tree_sitter_python-0.25.0-cp310-abi3-musllinux_1_2_aarch64.whl", hash = "sha256:e6d5b5799628cc0f24691ab2a172a8e676f668fe90dc60468bee14084a35c16d", size = 108998, upload-time = "2025-09-11T06:47:53.046Z" },
    { url = "https://files.pythonhosted.org/packages/75/69/4946da3d6c0df316ccb938316ce007fb565d08f89d02d854f2d308f0309f/tree_sitter_python-0.25.0-cp310-abi3-musllinux_1_2_x86_64.whl", hash = "sha256:71959832fc5d9642e52c11f2f7d79ae520b461e63334927e93ca46cd61cd9683", size = 107268, upload-time = "2025-09-11T06:47:54.388Z" },
    { url = "https://files.pythonhosted.org/packages/ed/a2/996fc2dfa1076dc460d3e2f3c75974ea4b8f02f6bc925383aaae519920e8/tree_sitter_python-0.25.0-cp310-abi3-win_amd64.whl", hash = "sha256:9bcde33f18792de54ee579b00e1b4fe186b7926825444766f849bf7181793a76", size = 76073, upload-time = "2025-09-11T06:47:55.773Z" },
    { url = "https://files.pythonhosted.org/packages/07/19/4b5569d9b1ebebb5907d11554a96ef3fa09364a30fcfabeff587495b512f/tree_sitter_python-0.25.0-cp310-abi3-win_arm64.whl", hash = "sha256:0fbf6a3774ad7e89ee891851204c2e2c47e12b63a5edbe2e9156997731c128bb", size = 74169, upload-time = "2025-09-11T06:47:56.747Z" },
]
